{
  "lockfileVersion": 1,
  "workspaces": {
    "": {
      "name": "lacy-agent",
      "dependencies": {
        "@ai-sdk/anthropic": "^0.0.51",
        "@ai-sdk/openai": "^0.0.66",
        "ai": "^3.0.0",
        "chalk": "^5.3.0",
        "zod": "^3.22.0",
      },
      "devDependencies": {
        "@types/bun": "latest",
        "@types/diff": "^5.0.0",
      },
    },
  },
  "packages": {
    "@ai-sdk/anthropic": ["@ai-sdk/anthropic@0.0.51", "", { "dependencies": { "@ai-sdk/provider": "0.0.24", "@ai-sdk/provider-utils": "1.0.20" }, "peerDependencies": { "zod": "^3.0.0" } }, "sha512-XPLBvdwdMlNAvGMyfsDgrCDXN2Wz7M+wfCJthqiwdiKHmq2jDLGdt0ZCAozgxxW28HVzMfJlFjuyECiA5Le3YA=="],

    "@ai-sdk/openai": ["@ai-sdk/openai@0.0.66", "", { "dependencies": { "@ai-sdk/provider": "0.0.24", "@ai-sdk/provider-utils": "1.0.20" }, "peerDependencies": { "zod": "^3.0.0" } }, "sha512-V4XeDnlNl5/AY3GB3ozJUjqnBLU5pK3DacKTbCNH3zH8/MggJoH6B8wRGdLUPVFMcsMz60mtvh4DC9JsIVFrKw=="],

    "@ai-sdk/provider": ["@ai-sdk/provider@0.0.24", "", { "dependencies": { "json-schema": "0.4.0" } }, "sha512-XMsNGJdGO+L0cxhhegtqZ8+T6nn4EoShS819OvCgI2kLbYTIvk0GWFGD0AXJmxkxs3DrpsJxKAFukFR7bvTkgQ=="],

    "@ai-sdk/provider-utils": ["@ai-sdk/provider-utils@1.0.20", "", { "dependencies": { "@ai-sdk/provider": "0.0.24", "eventsource-parser": "1.1.2", "nanoid": "3.3.6", "secure-json-parse": "2.7.0" }, "peerDependencies": { "zod": "^3.0.0" }, "optionalPeers": ["zod"] }, "sha512-ngg/RGpnA00eNOWEtXHenpX1MsM2QshQh4QJFjUfwcqHpM5kTfG7je7Rc3HcEDP+OkRVv2GF+X4fC1Vfcnl8Ow=="],

    "@ai-sdk/react": ["@ai-sdk/react@0.0.70", "", { "dependencies": { "@ai-sdk/provider-utils": "1.0.22", "@ai-sdk/ui-utils": "0.0.50", "swr": "^2.2.5", "throttleit": "2.1.0" }, "peerDependencies": { "react": "^18 || ^19 || ^19.0.0-rc", "zod": "^3.0.0" }, "optionalPeers": ["react", "zod"] }, "sha512-GnwbtjW4/4z7MleLiW+TOZC2M29eCg1tOUpuEiYFMmFNZK8mkrqM0PFZMo6UsYeUYMWqEOOcPOU9OQVJMJh7IQ=="],

    "@ai-sdk/solid": ["@ai-sdk/solid@0.0.54", "", { "dependencies": { "@ai-sdk/provider-utils": "1.0.22", "@ai-sdk/ui-utils": "0.0.50" }, "peerDependencies": { "solid-js": "^1.7.7" }, "optionalPeers": ["solid-js"] }, "sha512-96KWTVK+opdFeRubqrgaJXoNiDP89gNxFRWUp0PJOotZW816AbhUf4EnDjBjXTLjXL1n0h8tGSE9sZsRkj9wQQ=="],

    "@ai-sdk/svelte": ["@ai-sdk/svelte@0.0.57", "", { "dependencies": { "@ai-sdk/provider-utils": "1.0.22", "@ai-sdk/ui-utils": "0.0.50", "sswr": "^2.1.0" }, "peerDependencies": { "svelte": "^3.0.0 || ^4.0.0 || ^5.0.0" }, "optionalPeers": ["svelte"] }, "sha512-SyF9ItIR9ALP9yDNAD+2/5Vl1IT6kchgyDH8xkmhysfJI6WrvJbtO1wdQ0nylvPLcsPoYu+cAlz1krU4lFHcYw=="],

    "@ai-sdk/ui-utils": ["@ai-sdk/ui-utils@0.0.50", "", { "dependencies": { "@ai-sdk/provider": "0.0.26", "@ai-sdk/provider-utils": "1.0.22", "json-schema": "^0.4.0", "secure-json-parse": "^2.7.0", "zod-to-json-schema": "^3.23.3" }, "peerDependencies": { "zod": "^3.0.0" }, "optionalPeers": ["zod"] }, "sha512-Z5QYJVW+5XpSaJ4jYCCAVG7zIAuKOOdikhgpksneNmKvx61ACFaf98pmOd+xnjahl0pIlc/QIe6O4yVaJ1sEaw=="],

    "@ai-sdk/vue": ["@ai-sdk/vue@0.0.59", "", { "dependencies": { "@ai-sdk/provider-utils": "1.0.22", "@ai-sdk/ui-utils": "0.0.50", "swrv": "^1.0.4" }, "peerDependencies": { "vue": "^3.3.4" }, "optionalPeers": ["vue"] }, "sha512-+ofYlnqdc8c4F6tM0IKF0+7NagZRAiqBJpGDJ+6EYhDW8FHLUP/JFBgu32SjxSxC6IKFZxEnl68ZoP/Z38EMlw=="],

    "@babel/helper-string-parser": ["@babel/helper-string-parser@7.27.1", "", {}, "sha512-qMlSxKbpRlAridDExk92nSobyDdpPijUq2DW6oDnUqd0iOGxmQjyqhMIihI9+zv4LPyZdRje2cavWPbCbWm3eA=="],

    "@babel/helper-validator-identifier": ["@babel/helper-validator-identifier@7.27.1", "", {}, "sha512-D2hP9eA+Sqx1kBZgzxZh0y1trbuU+JoDkiEwqhQ36nodYqJwyEIhPSdMNd7lOm/4io72luTPWH20Yda0xOuUow=="],

    "@babel/parser": ["@babel/parser@7.28.3", "", { "dependencies": { "@babel/types": "^7.28.2" }, "bin": "./bin/babel-parser.js" }, "sha512-7+Ey1mAgYqFAx2h0RuoxcQT5+MlG3GTV0TQrgr7/ZliKsm/MNDxVVutlWaziMq7wJNAz8MTqz55XLpWvva6StA=="],

    "@babel/types": ["@babel/types@7.28.2", "", { "dependencies": { "@babel/helper-string-parser": "^7.27.1", "@babel/helper-validator-identifier": "^7.27.1" } }, "sha512-ruv7Ae4J5dUYULmeXw1gmb7rYRz57OWCPM57pHojnLq/3Z1CK2lNSLTCVjxVk1F/TZHwOZZrOWi0ur95BbLxNQ=="],

    "@jridgewell/gen-mapping": ["@jridgewell/gen-mapping@0.3.13", "", { "dependencies": { "@jridgewell/sourcemap-codec": "^1.5.0", "@jridgewell/trace-mapping": "^0.3.24" } }, "sha512-2kkt/7niJ6MgEPxF0bYdQ6etZaA+fQvDcLKckhy1yIQOzaoKjBBjSj63/aLVjYE3qhRt5dvM+uUyfCg6UKCBbA=="],

    "@jridgewell/remapping": ["@jridgewell/remapping@2.3.5", "", { "dependencies": { "@jridgewell/gen-mapping": "^0.3.5", "@jridgewell/trace-mapping": "^0.3.24" } }, "sha512-LI9u/+laYG4Ds1TDKSJW2YPrIlcVYOwi2fUC6xB43lueCjgxV4lffOCZCtYFiH6TNOX+tQKXx97T4IKHbhyHEQ=="],

    "@jridgewell/resolve-uri": ["@jridgewell/resolve-uri@3.1.2", "", {}, "sha512-bRISgCIjP20/tbWSPWMEi54QVPRZExkuD9lJL+UIxUKtwVJA8wW1Trb1jMs1RFXo1CBTNZ/5hpC9QvmKWdopKw=="],

    "@jridgewell/sourcemap-codec": ["@jridgewell/sourcemap-codec@1.5.5", "", {}, "sha512-cYQ9310grqxueWbl+WuIUIaiUaDcj7WOq5fVhEljNVgRfOUhY9fy2zTvfoqWsnebh8Sl70VScFbICvJnLKB0Og=="],

    "@jridgewell/trace-mapping": ["@jridgewell/trace-mapping@0.3.30", "", { "dependencies": { "@jridgewell/resolve-uri": "^3.1.0", "@jridgewell/sourcemap-codec": "^1.4.14" } }, "sha512-GQ7Nw5G2lTu/BtHTKfXhKHok2WGetd4XYcVKGx00SjAk8GMwgJM3zr6zORiPGuOE+/vkc90KtTosSSvaCjKb2Q=="],

    "@opentelemetry/api": ["@opentelemetry/api@1.9.0", "", {}, "sha512-3giAOQvZiH5F9bMlMiv8+GSPMeqg0dbaeo58/0SlA9sxSqZhnUtxzX9/2FzyhS9sWQf5S0GJE0AKBrFqjpeYcg=="],

    "@sveltejs/acorn-typescript": ["@sveltejs/acorn-typescript@1.0.5", "", { "peerDependencies": { "acorn": "^8.9.0" } }, "sha512-IwQk4yfwLdibDlrXVE04jTZYlLnwsTT2PIOQQGNLWfjavGifnk1JD1LcZjZaBTRcxZu2FfPfNLOE04DSu9lqtQ=="],

    "@types/bun": ["@types/bun@1.2.20", "", { "dependencies": { "bun-types": "1.2.20" } }, "sha512-dX3RGzQ8+KgmMw7CsW4xT5ITBSCrSbfHc36SNT31EOUg/LA9JWq0VDdEXDRSe1InVWpd2yLUM1FUF/kEOyTzYA=="],

    "@types/diff": ["@types/diff@5.2.3", "", {}, "sha512-K0Oqlrq3kQMaO2RhfrNQX5trmt+XLyom88zS0u84nnIcLvFnRUMRRHmrGny5GSM+kNO9IZLARsdQHDzkhAgmrQ=="],

    "@types/diff-match-patch": ["@types/diff-match-patch@1.0.36", "", {}, "sha512-xFdR6tkm0MWvBfO8xXCSsinYxHcqkQUlcHeSpMC2ukzOb6lwQAfDmW+Qt0AvlGd8HpsS28qKsB+oPeJn9I39jg=="],

    "@types/estree": ["@types/estree@1.0.8", "", {}, "sha512-dWHzHa2WqEXI/O1E9OjrocMTKJl2mSrEolh1Iomrv6U+JuNwaHXsXx9bLu5gG7BUWFIN0skIQJQ/L1rIex4X6w=="],

    "@types/node": ["@types/node@24.2.1", "", { "dependencies": { "undici-types": "~7.10.0" } }, "sha512-DRh5K+ka5eJic8CjH7td8QpYEV6Zo10gfRkjHCO3weqZHWDtAaSTFtl4+VMqOJ4N5jcuhZ9/l+yy8rVgw7BQeQ=="],

    "@types/react": ["@types/react@19.1.10", "", { "dependencies": { "csstype": "^3.0.2" } }, "sha512-EhBeSYX0Y6ye8pNebpKrwFJq7BoQ8J5SO6NlvNwwHjSj6adXJViPQrKlsyPw7hLBLvckEMO1yxeGdR82YBBlDg=="],

    "@vue/compiler-core": ["@vue/compiler-core@3.5.18", "", { "dependencies": { "@babel/parser": "^7.28.0", "@vue/shared": "3.5.18", "entities": "^4.5.0", "estree-walker": "^2.0.2", "source-map-js": "^1.2.1" } }, "sha512-3slwjQrrV1TO8MoXgy3aynDQ7lslj5UqDxuHnrzHtpON5CBinhWjJETciPngpin/T3OuW3tXUf86tEurusnztw=="],

    "@vue/compiler-dom": ["@vue/compiler-dom@3.5.18", "", { "dependencies": { "@vue/compiler-core": "3.5.18", "@vue/shared": "3.5.18" } }, "sha512-RMbU6NTU70++B1JyVJbNbeFkK+A+Q7y9XKE2EM4NLGm2WFR8x9MbAtWxPPLdm0wUkuZv9trpwfSlL6tjdIa1+A=="],

    "@vue/compiler-sfc": ["@vue/compiler-sfc@3.5.18", "", { "dependencies": { "@babel/parser": "^7.28.0", "@vue/compiler-core": "3.5.18", "@vue/compiler-dom": "3.5.18", "@vue/compiler-ssr": "3.5.18", "@vue/shared": "3.5.18", "estree-walker": "^2.0.2", "magic-string": "^0.30.17", "postcss": "^8.5.6", "source-map-js": "^1.2.1" } }, "sha512-5aBjvGqsWs+MoxswZPoTB9nSDb3dhd1x30xrrltKujlCxo48j8HGDNj3QPhF4VIS0VQDUrA1xUfp2hEa+FNyXA=="],

    "@vue/compiler-ssr": ["@vue/compiler-ssr@3.5.18", "", { "dependencies": { "@vue/compiler-dom": "3.5.18", "@vue/shared": "3.5.18" } }, "sha512-xM16Ak7rSWHkM3m22NlmcdIM+K4BMyFARAfV9hYFl+SFuRzrZ3uGMNW05kA5pmeMa0X9X963Kgou7ufdbpOP9g=="],

    "@vue/reactivity": ["@vue/reactivity@3.5.18", "", { "dependencies": { "@vue/shared": "3.5.18" } }, "sha512-x0vPO5Imw+3sChLM5Y+B6G1zPjwdOri9e8V21NnTnlEvkxatHEH5B5KEAJcjuzQ7BsjGrKtfzuQ5eQwXh8HXBg=="],

    "@vue/runtime-core": ["@vue/runtime-core@3.5.18", "", { "dependencies": { "@vue/reactivity": "3.5.18", "@vue/shared": "3.5.18" } }, "sha512-DUpHa1HpeOQEt6+3nheUfqVXRog2kivkXHUhoqJiKR33SO4x+a5uNOMkV487WPerQkL0vUuRvq/7JhRgLW3S+w=="],

    "@vue/runtime-dom": ["@vue/runtime-dom@3.5.18", "", { "dependencies": { "@vue/reactivity": "3.5.18", "@vue/runtime-core": "3.5.18", "@vue/shared": "3.5.18", "csstype": "^3.1.3" } }, "sha512-YwDj71iV05j4RnzZnZtGaXwPoUWeRsqinblgVJwR8XTXYZ9D5PbahHQgsbmzUvCWNF6x7siQ89HgnX5eWkr3mw=="],

    "@vue/server-renderer": ["@vue/server-renderer@3.5.18", "", { "dependencies": { "@vue/compiler-ssr": "3.5.18", "@vue/shared": "3.5.18" }, "peerDependencies": { "vue": "3.5.18" } }, "sha512-PvIHLUoWgSbDG7zLHqSqaCoZvHi6NNmfVFOqO+OnwvqMz/tqQr3FuGWS8ufluNddk7ZLBJYMrjcw1c6XzR12mA=="],

    "@vue/shared": ["@vue/shared@3.5.18", "", {}, "sha512-cZy8Dq+uuIXbxCZpuLd2GJdeSO/lIzIspC2WtkqIpje5QyFbvLaI5wZtdUjLHjGZrlVX6GilejatWwVYYRc8tA=="],

    "acorn": ["acorn@8.15.0", "", { "bin": { "acorn": "bin/acorn" } }, "sha512-NZyJarBfL7nWwIq+FDL6Zp/yHEhePMNnnJ0y3qfieCrmNvYct8uvtiV41UvlSe6apAfk0fY1FbWx+NwfmpvtTg=="],

    "ai": ["ai@3.4.33", "", { "dependencies": { "@ai-sdk/provider": "0.0.26", "@ai-sdk/provider-utils": "1.0.22", "@ai-sdk/react": "0.0.70", "@ai-sdk/solid": "0.0.54", "@ai-sdk/svelte": "0.0.57", "@ai-sdk/ui-utils": "0.0.50", "@ai-sdk/vue": "0.0.59", "@opentelemetry/api": "1.9.0", "eventsource-parser": "1.1.2", "json-schema": "^0.4.0", "jsondiffpatch": "0.6.0", "secure-json-parse": "^2.7.0", "zod-to-json-schema": "^3.23.3" }, "peerDependencies": { "openai": "^4.42.0", "react": "^18 || ^19 || ^19.0.0-rc", "sswr": "^2.1.0", "svelte": "^3.0.0 || ^4.0.0 || ^5.0.0", "zod": "^3.0.0" }, "optionalPeers": ["openai", "react", "sswr", "svelte", "zod"] }, "sha512-plBlrVZKwPoRTmM8+D1sJac9Bq8eaa2jiZlHLZIWekKWI1yMWYZvCCEezY9ASPwRhULYDJB2VhKOBUUeg3S5JQ=="],

    "aria-query": ["aria-query@5.3.2", "", {}, "sha512-COROpnaoap1E2F000S62r6A60uHZnmlvomhfyT2DlTcrY1OrBKn2UhH7qn5wTC9zMvD0AY7csdPSNwKP+7WiQw=="],

    "axobject-query": ["axobject-query@4.1.0", "", {}, "sha512-qIj0G9wZbMGNLjLmg1PT6v2mE9AH2zlnADJD/2tC6E00hgmhUOfEB6greHPAfLRSufHqROIUTkw6E+M3lH0PTQ=="],

    "bun-types": ["bun-types@1.2.20", "", { "dependencies": { "@types/node": "*" }, "peerDependencies": { "@types/react": "^19" } }, "sha512-pxTnQYOrKvdOwyiyd/7sMt9yFOenN004Y6O4lCcCUoKVej48FS5cvTw9geRaEcB9TsDZaJKAxPTVvi8tFsVuXA=="],

    "chalk": ["chalk@5.5.0", "", {}, "sha512-1tm8DTaJhPBG3bIkVeZt1iZM9GfSX2lzOeDVZH9R9ffRHpmHvxZ/QhgQH/aDTkswQVt+YHdXAdS/In/30OjCbg=="],

    "clsx": ["clsx@2.1.1", "", {}, "sha512-eYm0QWBtUrBWZWG0d386OGAw16Z995PiOVo2B7bjWSbHedGl5e0ZWaq65kOGgUSNesEIDkB9ISbTg/JK9dhCZA=="],

    "csstype": ["csstype@3.1.3", "", {}, "sha512-M1uQkMl8rQK/szD0LNhtqxIPLpimGm8sOBwU7lLnCpSbTyY3yeU1Vc7l4KT5zT4s/yOxHH5O7tIuuLOCnLADRw=="],

    "dequal": ["dequal@2.0.3", "", {}, "sha512-0je+qPKHEMohvfRTCEo3CrPG6cAzAYgmzKyxRiYSSDkS6eGJdyVJm7WaYA5ECaAD9wLB2T4EEeymA5aFVcYXCA=="],

    "diff-match-patch": ["diff-match-patch@1.0.5", "", {}, "sha512-IayShXAgj/QMXgB0IWmKx+rOPuGMhqm5w6jvFxmVenXKIzRqTAAsbBPT3kWQeGANj3jGgvcvv4yK6SxqYmikgw=="],

    "entities": ["entities@4.5.0", "", {}, "sha512-V0hjH4dGPh9Ao5p0MoRY6BVqtwCjhz6vI5LT8AJ55H+4g9/4vbHx1I54fS0XuclLhDHArPQCiMjDxjaL8fPxhw=="],

    "esm-env": ["esm-env@1.2.2", "", {}, "sha512-Epxrv+Nr/CaL4ZcFGPJIYLWFom+YeV1DqMLHJoEd9SYRxNbaFruBwfEX/kkHUJf55j2+TUbmDcmuilbP1TmXHA=="],

    "esrap": ["esrap@2.1.0", "", { "dependencies": { "@jridgewell/sourcemap-codec": "^1.4.15" } }, "sha512-yzmPNpl7TBbMRC5Lj2JlJZNPml0tzqoqP5B1JXycNUwtqma9AKCO0M2wHrdgsHcy1WRW7S9rJknAMtByg3usgA=="],

    "estree-walker": ["estree-walker@2.0.2", "", {}, "sha512-Rfkk/Mp/DL7JVje3u18FxFujQlTNR2q6QfMSMB7AvCBx91NGj/ba3kCfza0f6dVDbw7YlRf/nDrn7pQrCCyQ/w=="],

    "eventsource-parser": ["eventsource-parser@1.1.2", "", {}, "sha512-v0eOBUbiaFojBu2s2NPBfYUoRR9GjcDNvCXVaqEf5vVfpIAh9f8RCo4vXTP8c63QRKCFwoLpMpTdPwwhEKVgzA=="],

    "is-reference": ["is-reference@3.0.3", "", { "dependencies": { "@types/estree": "^1.0.6" } }, "sha512-ixkJoqQvAP88E6wLydLGGqCJsrFUnqoH6HnaczB8XmDH1oaWU+xxdptvikTgaEhtZ53Ky6YXiBuUI2WXLMCwjw=="],

    "json-schema": ["json-schema@0.4.0", "", {}, "sha512-es94M3nTIfsEPisRafak+HDLfHXnKBhV3vU5eqPcS3flIWqcxJWgXHXiey3YrpaNsanY5ei1VoYEbOzijuq9BA=="],

    "jsondiffpatch": ["jsondiffpatch@0.6.0", "", { "dependencies": { "@types/diff-match-patch": "^1.0.36", "chalk": "^5.3.0", "diff-match-patch": "^1.0.5" }, "bin": { "jsondiffpatch": "bin/jsondiffpatch.js" } }, "sha512-3QItJOXp2AP1uv7waBkao5nCvhEv+QmJAd38Ybq7wNI74Q+BBmnLn4EDKz6yI9xGAIQoUF87qHt+kc1IVxB4zQ=="],

    "locate-character": ["locate-character@3.0.0", "", {}, "sha512-SW13ws7BjaeJ6p7Q6CO2nchbYEc3X3J6WrmTTDto7yMPqVSZTUyY5Tjbid+Ab8gLnATtygYtiDIJGQRRn2ZOiA=="],

    "magic-string": ["magic-string@0.30.17", "", { "dependencies": { "@jridgewell/sourcemap-codec": "^1.5.0" } }, "sha512-sNPKHvyjVf7gyjwS4xGTaW/mCnF8wnjtifKBEhxfZ7E/S8tQ0rssrwGNn6q8JH/ohItJfSQp9mBtQYuTlH5QnA=="],

    "nanoid": ["nanoid@3.3.6", "", { "bin": { "nanoid": "bin/nanoid.cjs" } }, "sha512-BGcqMMJuToF7i1rt+2PWSNVnWIkGCU78jBG3RxO/bZlnZPK2Cmi2QaffxGO/2RvWi9sL+FAiRiXMgsyxQ1DIDA=="],

    "picocolors": ["picocolors@1.1.1", "", {}, "sha512-xceH2snhtb5M9liqDsmEw56le376mTZkEX/jEb/RxNFyegNul7eNslCXP9FDj/Lcu0X8KEyMceP2ntpaHrDEVA=="],

    "postcss": ["postcss@8.5.6", "", { "dependencies": { "nanoid": "^3.3.11", "picocolors": "^1.1.1", "source-map-js": "^1.2.1" } }, "sha512-3Ybi1tAuwAP9s0r1UQ2J4n5Y0G05bJkpUIO0/bI9MhwmD70S5aTWbXGBwxHrelT+XM1k6dM0pk+SwNkpTRN7Pg=="],

    "react": ["react@19.1.1", "", {}, "sha512-w8nqGImo45dmMIfljjMwOGtbmC/mk4CMYhWIicdSflH91J9TyCyczcPFXJzrZ/ZXcgGRFeP6BU0BEJTw6tZdfQ=="],

    "secure-json-parse": ["secure-json-parse@2.7.0", "", {}, "sha512-6aU+Rwsezw7VR8/nyvKTx8QpWH9FrcYiXXlqC4z5d5XQBDRqtbfsRjnwGyqbi3gddNtWHuEk9OANUotL26qKUw=="],

    "source-map-js": ["source-map-js@1.2.1", "", {}, "sha512-UXWMKhLOwVKb728IUtQPXxfYU+usdybtUrK/8uGE8CQMvrhOpwvzDBwj0QhSL7MQc7vIsISBG8VQ8+IDQxpfQA=="],

    "sswr": ["sswr@2.2.0", "", { "dependencies": { "swrev": "^4.0.0" }, "peerDependencies": { "svelte": "^4.0.0 || ^5.0.0" } }, "sha512-clTszLPZkmycALTHD1mXGU+mOtA/MIoLgS1KGTTzFNVm9rytQVykgRaP+z1zl572cz0bTqj4rFVoC2N+IGK4Sg=="],

    "svelte": ["svelte@5.38.1", "", { "dependencies": { "@jridgewell/remapping": "^2.3.4", "@jridgewell/sourcemap-codec": "^1.5.0", "@sveltejs/acorn-typescript": "^1.0.5", "@types/estree": "^1.0.5", "acorn": "^8.12.1", "aria-query": "^5.3.1", "axobject-query": "^4.1.0", "clsx": "^2.1.1", "esm-env": "^1.2.1", "esrap": "^2.1.0", "is-reference": "^3.0.3", "locate-character": "^3.0.0", "magic-string": "^0.30.11", "zimmerframe": "^1.1.2" } }, "sha512-fO6CLDfJYWHgfo6lQwkQU2vhCiHc2MBl6s3vEhK+sSZru17YL4R5s1v14ndRpqKAIkq8nCz6MTk1yZbESZWeyQ=="],

    "swr": ["swr@2.3.6", "", { "dependencies": { "dequal": "^2.0.3", "use-sync-external-store": "^1.4.0" }, "peerDependencies": { "react": "^16.11.0 || ^17.0.0 || ^18.0.0 || ^19.0.0" } }, "sha512-wfHRmHWk/isGNMwlLGlZX5Gzz/uTgo0o2IRuTMcf4CPuPFJZlq0rDaKUx+ozB5nBOReNV1kiOyzMfj+MBMikLw=="],

    "swrev": ["swrev@4.0.0", "", {}, "sha512-LqVcOHSB4cPGgitD1riJ1Hh4vdmITOp+BkmfmXRh4hSF/t7EnS4iD+SOTmq7w5pPm/SiPeto4ADbKS6dHUDWFA=="],

    "swrv": ["swrv@1.1.0", "", { "peerDependencies": { "vue": ">=3.2.26 < 4" } }, "sha512-pjllRDr2s0iTwiE5Isvip51dZGR7GjLH1gCSVyE8bQnbAx6xackXsFdojau+1O5u98yHF5V73HQGOFxKUXO9gQ=="],

    "throttleit": ["throttleit@2.1.0", "", {}, "sha512-nt6AMGKW1p/70DF/hGBdJB57B8Tspmbp5gfJ8ilhLnt7kkr2ye7hzD6NVG8GGErk2HWF34igrL2CXmNIkzKqKw=="],

    "undici-types": ["undici-types@7.10.0", "", {}, "sha512-t5Fy/nfn+14LuOc2KNYg75vZqClpAiqscVvMygNnlsHBFpSXdJaYtXMcdNLpl/Qvc3P2cB3s6lOV51nqsFq4ag=="],

    "use-sync-external-store": ["use-sync-external-store@1.5.0", "", { "peerDependencies": { "react": "^16.8.0 || ^17.0.0 || ^18.0.0 || ^19.0.0" } }, "sha512-Rb46I4cGGVBmjamjphe8L/UnvJD+uPPtTkNvX5mZgqdbavhI4EbgIWJiIHXJ8bc/i9EQGPRh4DwEURJ552Do0A=="],

    "vue": ["vue@3.5.18", "", { "dependencies": { "@vue/compiler-dom": "3.5.18", "@vue/compiler-sfc": "3.5.18", "@vue/runtime-dom": "3.5.18", "@vue/server-renderer": "3.5.18", "@vue/shared": "3.5.18" }, "peerDependencies": { "typescript": "*" }, "optionalPeers": ["typescript"] }, "sha512-7W4Y4ZbMiQ3SEo+m9lnoNpV9xG7QVMLa+/0RFwwiAVkeYoyGXqWE85jabU4pllJNUzqfLShJ5YLptewhCWUgNA=="],

    "zimmerframe": ["zimmerframe@1.1.2", "", {}, "sha512-rAbqEGa8ovJy4pyBxZM70hg4pE6gDgaQ0Sl9M3enG3I0d6H4XSAM3GeNGLKnsBpuijUow064sf7ww1nutC5/3w=="],

    "zod": ["zod@3.25.76", "", {}, "sha512-gzUt/qt81nXsFGKIFcC3YnfEAx5NkunCfnDlvuBSSFS02bcXu4Lmea0AFIUwbLWxWPx3d9p8S5QoaujKcNQxcQ=="],

    "zod-to-json-schema": ["zod-to-json-schema@3.24.6", "", { "peerDependencies": { "zod": "^3.24.1" } }, "sha512-h/z3PKvcTcTetyjl1fkj79MHNEjm+HpD6NXheWjzOekY7kV+lwDYnHw+ivHkijnCSMz1yJaWBD9vu/Fcmk+vEg=="],

    "@ai-sdk/react/@ai-sdk/provider-utils": ["@ai-sdk/provider-utils@1.0.22", "", { "dependencies": { "@ai-sdk/provider": "0.0.26", "eventsource-parser": "^1.1.2", "nanoid": "^3.3.7", "secure-json-parse": "^2.7.0" }, "peerDependencies": { "zod": "^3.0.0" }, "optionalPeers": ["zod"] }, "sha512-YHK2rpj++wnLVc9vPGzGFP3Pjeld2MwhKinetA0zKXOoHAT/Jit5O8kZsxcSlJPu9wvcGT1UGZEjZrtO7PfFOQ=="],

    "@ai-sdk/solid/@ai-sdk/provider-utils": ["@ai-sdk/provider-utils@1.0.22", "", { "dependencies": { "@ai-sdk/provider": "0.0.26", "eventsource-parser": "^1.1.2", "nanoid": "^3.3.7", "secure-json-parse": "^2.7.0" }, "peerDependencies": { "zod": "^3.0.0" }, "optionalPeers": ["zod"] }, "sha512-YHK2rpj++wnLVc9vPGzGFP3Pjeld2MwhKinetA0zKXOoHAT/Jit5O8kZsxcSlJPu9wvcGT1UGZEjZrtO7PfFOQ=="],

    "@ai-sdk/svelte/@ai-sdk/provider-utils": ["@ai-sdk/provider-utils@1.0.22", "", { "dependencies": { "@ai-sdk/provider": "0.0.26", "eventsource-parser": "^1.1.2", "nanoid": "^3.3.7", "secure-json-parse": "^2.7.0" }, "peerDependencies": { "zod": "^3.0.0" }, "optionalPeers": ["zod"] }, "sha512-YHK2rpj++wnLVc9vPGzGFP3Pjeld2MwhKinetA0zKXOoHAT/Jit5O8kZsxcSlJPu9wvcGT1UGZEjZrtO7PfFOQ=="],

    "@ai-sdk/ui-utils/@ai-sdk/provider": ["@ai-sdk/provider@0.0.26", "", { "dependencies": { "json-schema": "^0.4.0" } }, "sha512-dQkfBDs2lTYpKM8389oopPdQgIU007GQyCbuPPrV+K6MtSII3HBfE0stUIMXUb44L+LK1t6GXPP7wjSzjO6uKg=="],

    "@ai-sdk/ui-utils/@ai-sdk/provider-utils": ["@ai-sdk/provider-utils@1.0.22", "", { "dependencies": { "@ai-sdk/provider": "0.0.26", "eventsource-parser": "^1.1.2", "nanoid": "^3.3.7", "secure-json-parse": "^2.7.0" }, "peerDependencies": { "zod": "^3.0.0" }, "optionalPeers": ["zod"] }, "sha512-YHK2rpj++wnLVc9vPGzGFP3Pjeld2MwhKinetA0zKXOoHAT/Jit5O8kZsxcSlJPu9wvcGT1UGZEjZrtO7PfFOQ=="],

    "@ai-sdk/vue/@ai-sdk/provider-utils": ["@ai-sdk/provider-utils@1.0.22", "", { "dependencies": { "@ai-sdk/provider": "0.0.26", "eventsource-parser": "^1.1.2", "nanoid": "^3.3.7", "secure-json-parse": "^2.7.0" }, "peerDependencies": { "zod": "^3.0.0" }, "optionalPeers": ["zod"] }, "sha512-YHK2rpj++wnLVc9vPGzGFP3Pjeld2MwhKinetA0zKXOoHAT/Jit5O8kZsxcSlJPu9wvcGT1UGZEjZrtO7PfFOQ=="],

    "ai/@ai-sdk/provider": ["@ai-sdk/provider@0.0.26", "", { "dependencies": { "json-schema": "^0.4.0" } }, "sha512-dQkfBDs2lTYpKM8389oopPdQgIU007GQyCbuPPrV+K6MtSII3HBfE0stUIMXUb44L+LK1t6GXPP7wjSzjO6uKg=="],

    "ai/@ai-sdk/provider-utils": ["@ai-sdk/provider-utils@1.0.22", "", { "dependencies": { "@ai-sdk/provider": "0.0.26", "eventsource-parser": "^1.1.2", "nanoid": "^3.3.7", "secure-json-parse": "^2.7.0" }, "peerDependencies": { "zod": "^3.0.0" }, "optionalPeers": ["zod"] }, "sha512-YHK2rpj++wnLVc9vPGzGFP3Pjeld2MwhKinetA0zKXOoHAT/Jit5O8kZsxcSlJPu9wvcGT1UGZEjZrtO7PfFOQ=="],

    "postcss/nanoid": ["nanoid@3.3.11", "", { "bin": { "nanoid": "bin/nanoid.cjs" } }, "sha512-N8SpfPUnUp1bK+PMYW8qSWdl9U+wwNWI4QKxOYDy9JAro3WMX7p2OeVRF9v+347pnakNevPmiHhNmZ2HbFA76w=="],

    "@ai-sdk/react/@ai-sdk/provider-utils/@ai-sdk/provider": ["@ai-sdk/provider@0.0.26", "", { "dependencies": { "json-schema": "^0.4.0" } }, "sha512-dQkfBDs2lTYpKM8389oopPdQgIU007GQyCbuPPrV+K6MtSII3HBfE0stUIMXUb44L+LK1t6GXPP7wjSzjO6uKg=="],

    "@ai-sdk/react/@ai-sdk/provider-utils/nanoid": ["nanoid@3.3.11", "", { "bin": { "nanoid": "bin/nanoid.cjs" } }, "sha512-N8SpfPUnUp1bK+PMYW8qSWdl9U+wwNWI4QKxOYDy9JAro3WMX7p2OeVRF9v+347pnakNevPmiHhNmZ2HbFA76w=="],

    "@ai-sdk/solid/@ai-sdk/provider-utils/@ai-sdk/provider": ["@ai-sdk/provider@0.0.26", "", { "dependencies": { "json-schema": "^0.4.0" } }, "sha512-dQkfBDs2lTYpKM8389oopPdQgIU007GQyCbuPPrV+K6MtSII3HBfE0stUIMXUb44L+LK1t6GXPP7wjSzjO6uKg=="],

    "@ai-sdk/solid/@ai-sdk/provider-utils/nanoid": ["nanoid@3.3.11", "", { "bin": { "nanoid": "bin/nanoid.cjs" } }, "sha512-N8SpfPUnUp1bK+PMYW8qSWdl9U+wwNWI4QKxOYDy9JAro3WMX7p2OeVRF9v+347pnakNevPmiHhNmZ2HbFA76w=="],

    "@ai-sdk/svelte/@ai-sdk/provider-utils/@ai-sdk/provider": ["@ai-sdk/provider@0.0.26", "", { "dependencies": { "json-schema": "^0.4.0" } }, "sha512-dQkfBDs2lTYpKM8389oopPdQgIU007GQyCbuPPrV+K6MtSII3HBfE0stUIMXUb44L+LK1t6GXPP7wjSzjO6uKg=="],

    "@ai-sdk/svelte/@ai-sdk/provider-utils/nanoid": ["nanoid@3.3.11", "", { "bin": { "nanoid": "bin/nanoid.cjs" } }, "sha512-N8SpfPUnUp1bK+PMYW8qSWdl9U+wwNWI4QKxOYDy9JAro3WMX7p2OeVRF9v+347pnakNevPmiHhNmZ2HbFA76w=="],

    "@ai-sdk/ui-utils/@ai-sdk/provider-utils/nanoid": ["nanoid@3.3.11", "", { "bin": { "nanoid": "bin/nanoid.cjs" } }, "sha512-N8SpfPUnUp1bK+PMYW8qSWdl9U+wwNWI4QKxOYDy9JAro3WMX7p2OeVRF9v+347pnakNevPmiHhNmZ2HbFA76w=="],

    "@ai-sdk/vue/@ai-sdk/provider-utils/@ai-sdk/provider": ["@ai-sdk/provider@0.0.26", "", { "dependencies": { "json-schema": "^0.4.0" } }, "sha512-dQkfBDs2lTYpKM8389oopPdQgIU007GQyCbuPPrV+K6MtSII3HBfE0stUIMXUb44L+LK1t6GXPP7wjSzjO6uKg=="],

    "@ai-sdk/vue/@ai-sdk/provider-utils/nanoid": ["nanoid@3.3.11", "", { "bin": { "nanoid": "bin/nanoid.cjs" } }, "sha512-N8SpfPUnUp1bK+PMYW8qSWdl9U+wwNWI4QKxOYDy9JAro3WMX7p2OeVRF9v+347pnakNevPmiHhNmZ2HbFA76w=="],

    "ai/@ai-sdk/provider-utils/nanoid": ["nanoid@3.3.11", "", { "bin": { "nanoid": "bin/nanoid.cjs" } }, "sha512-N8SpfPUnUp1bK+PMYW8qSWdl9U+wwNWI4QKxOYDy9JAro3WMX7p2OeVRF9v+347pnakNevPmiHhNmZ2HbFA76w=="],
  }
}
